// !$*UTF8*$!
{
	archiveVersion = 1;
	classes = {
	};
	objectVersion = 56;
	objects = {

/* Begin PBXBuildFile section */
		D314DE682B004E28000B8132 /* CityTableView.swift in Sources */ = {isa = PBXBuildFile; fileRef = D314DE672B004E28000B8132 /* CityTableView.swift */; };
		D363ED6F2AFE350B002DDF54 /* AppDelegate.swift in Sources */ = {isa = PBXBuildFile; fileRef = D363ED6E2AFE350B002DDF54 /* AppDelegate.swift */; };
		D363ED712AFE350B002DDF54 /* SceneDelegate.swift in Sources */ = {isa = PBXBuildFile; fileRef = D363ED702AFE350B002DDF54 /* SceneDelegate.swift */; };
		D363ED732AFE350B002DDF54 /* ViewController.swift in Sources */ = {isa = PBXBuildFile; fileRef = D363ED722AFE350B002DDF54 /* ViewController.swift */; };
		D363ED762AFE350B002DDF54 /* Main.storyboard in Resources */ = {isa = PBXBuildFile; fileRef = D363ED742AFE350B002DDF54 /* Main.storyboard */; };
		D363ED782AFE350E002DDF54 /* Assets.xcassets in Resources */ = {isa = PBXBuildFile; fileRef = D363ED772AFE350E002DDF54 /* Assets.xcassets */; };
		D363ED7B2AFE350E002DDF54 /* LaunchScreen.storyboard in Resources */ = {isa = PBXBuildFile; fileRef = D363ED792AFE350E002DDF54 /* LaunchScreen.storyboard */; };
		D363ED832AFF072F002DDF54 /* City.swift in Sources */ = {isa = PBXBuildFile; fileRef = D363ED822AFF072F002DDF54 /* City.swift */; };
		D363ED852AFF09B0002DDF54 /* API Processor.swift in Sources */ = {isa = PBXBuildFile; fileRef = D363ED842AFF09B0002DDF54 /* API Processor.swift */; };
		D3759EEB2B005965008C2E35 /* Nuke in Frameworks */ = {isa = PBXBuildFile; productRef = D3759EEA2B005965008C2E35 /* Nuke */; };
		D3759F0E2B0065D5008C2E35 /* Nuke in Frameworks */ = {isa = PBXBuildFile; productRef = D3759F0D2B0065D5008C2E35 /* Nuke */; };
/* End PBXBuildFile section */

/* Begin PBXFileReference section */
		D314DE672B004E28000B8132 /* CityTableView.swift */ = {isa = PBXFileReference; lastKnownFileType = sourcecode.swift; path = CityTableView.swift; sourceTree = "<group>"; };
		D363ED6B2AFE350B002DDF54 /* City Explorer.app */ = {isa = PBXFileReference; explicitFileType = wrapper.application; includeInIndex = 0; path = "City Explorer.app"; sourceTree = BUILT_PRODUCTS_DIR; };
		D363ED6E2AFE350B002DDF54 /* AppDelegate.swift */ = {isa = PBXFileReference; lastKnownFileType = sourcecode.swift; path = AppDelegate.swift; sourceTree = "<group>"; };
		D363ED702AFE350B002DDF54 /* SceneDelegate.swift */ = {isa = PBXFileReference; lastKnownFileType = sourcecode.swift; path = SceneDelegate.swift; sourceTree = "<group>"; };
		D363ED722AFE350B002DDF54 /* ViewController.swift */ = {isa = PBXFileReference; lastKnownFileType = sourcecode.swift; path = ViewController.swift; sourceTree = "<group>"; };
		D363ED752AFE350B002DDF54 /* Base */ = {isa = PBXFileReference; lastKnownFileType = file.storyboard; name = Base; path = Base.lproj/Main.storyboard; sourceTree = "<group>"; };
		D363ED772AFE350E002DDF54 /* Assets.xcassets */ = {isa = PBXFileReference; lastKnownFileType = folder.assetcatalog; path = Assets.xcassets; sourceTree = "<group>"; };
		D363ED7A2AFE350E002DDF54 /* Base */ = {isa = PBXFileReference; lastKnownFileType = file.storyboard; name = Base; path = Base.lproj/LaunchScreen.storyboard; sourceTree = "<group>"; };
		D363ED7C2AFE350E002DDF54 /* Info.plist */ = {isa = PBXFileReference; lastKnownFileType = text.plist.xml; path = Info.plist; sourceTree = "<group>"; };
		D363ED822AFF072F002DDF54 /* City.swift */ = {isa = PBXFileReference; lastKnownFileType = sourcecode.swift; path = City.swift; sourceTree = "<group>"; };
		D363ED842AFF09B0002DDF54 /* API Processor.swift */ = {isa = PBXFileReference; lastKnownFileType = sourcecode.swift; path = "API Processor.swift"; sourceTree = "<group>"; };
/* End PBXFileReference section */

/* Begin PBXFrameworksBuildPhase section */
		D363ED682AFE350B002DDF54 /* Frameworks */ = {
			isa = PBXFrameworksBuildPhase;
			buildActionMask = 2147483647;
			files = (
				D3759EEB2B005965008C2E35 /* Nuke in Frameworks */,
				D3759F0E2B0065D5008C2E35 /* Nuke in Frameworks */,
			);
			runOnlyForDeploymentPostprocessing = 0;
		};
/* End PBXFrameworksBuildPhase section */

/* Begin PBXGroup section */
		D363ED622AFE350B002DDF54 = {
			isa = PBXGroup;
			children = (
				D363ED6D2AFE350B002DDF54 /* City Explorer */,
				D363ED6C2AFE350B002DDF54 /* Products */,
				D3759F022B0061CE008C2E35 /* Frameworks */,
			);
			sourceTree = "<group>";
		};
		D363ED6C2AFE350B002DDF54 /* Products */ = {
			isa = PBXGroup;
			children = (
				D363ED6B2AFE350B002DDF54 /* City Explorer.app */,
			);
			name = Products;
			sourceTree = "<group>";
		};
		D363ED6D2AFE350B002DDF54 /* City Explorer */ = {
			isa = PBXGroup;
			children = (
				D363ED6E2AFE350B002DDF54 /* AppDelegate.swift */,
				D363ED702AFE350B002DDF54 /* SceneDelegate.swift */,
				D363ED722AFE350B002DDF54 /* ViewController.swift */,
				D314DE672B004E28000B8132 /* CityTableView.swift */,
				D363ED742AFE350B002DDF54 /* Main.storyboard */,
				D363ED822AFF072F002DDF54 /* City.swift */,
				D363ED842AFF09B0002DDF54 /* API Processor.swift */,
				D363ED772AFE350E002DDF54 /* Assets.xcassets */,
				D363ED792AFE350E002DDF54 /* LaunchScreen.storyboard */,
				D363ED7C2AFE350E002DDF54 /* Info.plist */,
			);
			path = "City Explorer";
			sourceTree = "<group>";
		};
		D3759F022B0061CE008C2E35 /* Frameworks */ = {
			isa = PBXGroup;
			children = (
			);
			name = Frameworks;
			sourceTree = "<group>";
		};
/* End PBXGroup section */

/* Begin PBXNativeTarget section */
		D363ED6A2AFE350B002DDF54 /* City Explorer */ = {
			isa = PBXNativeTarget;
			buildConfigurationList = D363ED7F2AFE350F002DDF54 /* Build configuration list for PBXNativeTarget "City Explorer" */;
			buildPhases = (
				D363ED672AFE350B002DDF54 /* Sources */,
				D363ED682AFE350B002DDF54 /* Frameworks */,
				D363ED692AFE350B002DDF54 /* Resources */,
			);
			buildRules = (
			);
			dependencies = (
				D3759F012B0061A0008C2E35 /* PBXTargetDependency */,
			);
			name = "City Explorer";
			packageProductDependencies = (
				D3759EEA2B005965008C2E35 /* Nuke */,
				D3759F0D2B0065D5008C2E35 /* Nuke */,
			);
			productName = "City Explorer";
			productReference = D363ED6B2AFE350B002DDF54 /* City Explorer.app */;
			productType = "com.apple.product-type.application";
		};
/* End PBXNativeTarget section */

/* Begin PBXProject section */
		D363ED632AFE350B002DDF54 /* Project object */ = {
			isa = PBXProject;
			attributes = {
				BuildIndependentTargetsInParallel = 1;
				LastSwiftUpdateCheck = 1500;
				LastUpgradeCheck = 1500;
				TargetAttributes = {
					D363ED6A2AFE350B002DDF54 = {
						CreatedOnToolsVersion = 15.0.1;
					};
				};
			};
			buildConfigurationList = D363ED662AFE350B002DDF54 /* Build configuration list for PBXProject "City Explorer" */;
			compatibilityVersion = "Xcode 14.0";
			developmentRegion = en;
			hasScannedForEncodings = 0;
			knownRegions = (
				en,
				Base,
			);
			mainGroup = D363ED622AFE350B002DDF54;
			packageReferences = (
				D3759F0C2B0065D5008C2E35 /* XCRemoteSwiftPackageReference "Nuke" */,
			);
			productRefGroup = D363ED6C2AFE350B002DDF54 /* Products */;
			projectDirPath = "";
			projectRoot = "";
			targets = (
				D363ED6A2AFE350B002DDF54 /* City Explorer */,
			);
		};
/* End PBXProject section */

/* Begin PBXResourcesBuildPhase section */
		D363ED692AFE350B002DDF54 /* Resources */ = {
			isa = PBXResourcesBuildPhase;
			buildActionMask = 2147483647;
			files = (
				D363ED7B2AFE350E002DDF54 /* LaunchScreen.storyboard in Resources */,
				D363ED782AFE350E002DDF54 /* Assets.xcassets in Resources */,
				D363ED762AFE350B002DDF54 /* Main.storyboard in Resources */,
			);
			runOnlyForDeploymentPostprocessing = 0;
		};
/* End PBXResourcesBuildPhase section */

/* Begin PBXSourcesBuildPhase section */
		D363ED672AFE350B002DDF54 /* Sources */ = {
			isa = PBXSourcesBuildPhase;
			buildActionMask = 2147483647;
			files = (
				D314DE682B004E28000B8132 /* CityTableView.swift in Sources */,
				D363ED852AFF09B0002DDF54 /* API Processor.swift in Sources */,
				D363ED732AFE350B002DDF54 /* ViewController.swift in Sources */,
				D363ED6F2AFE350B002DDF54 /* AppDelegate.swift in Sources */,
				D363ED832AFF072F002DDF54 /* City.swift in Sources */,
				D363ED712AFE350B002DDF54 /* SceneDelegate.swift in Sources */,
			);
			runOnlyForDeploymentPostprocessing = 0;
		};
/* End PBXSourcesBuildPhase section */

/* Begin PBXTargetDependency section */
		D3759F012B0061A0008C2E35 /* PBXTargetDependency */ = {
			isa = PBXTargetDependency;
			productRef = D3759F002B0061A0008C2E35 /* Nuke */;
		};
/* End PBXTargetDependency section */

/* Begin PBXVariantGroup section */
		D363ED742AFE350B002DDF54 /* Main.storyboard */ = {
			isa = PBXVariantGroup;
			children = (
				D363ED752AFE350B002DDF54 /* Base */,
			);
			name = Main.storyboard;
			sourceTree = "<group>";
		};
		D363ED792AFE350E002DDF54 /* LaunchScreen.storyboard */ = {
			isa = PBXVariantGroup;
			children = (
				D363ED7A2AFE350E002DDF54 /* Base */,
			);
			name = LaunchScreen.storyboard;
			sourceTree = "<group>";
		};
/* End PBXVariantGroup section */

/* Begin XCBuildConfiguration section */
		D363ED7D2AFE350E002DDF54 /* Debug */ = {
			isa = XCBuildConfiguration;
			buildSettings = {
				ALWAYS_SEARCH_USER_PATHS = NO;
				ASSETCATALOG_COMPILER_GENERATE_SWIFT_ASSET_SYMBOL_EXTENSIONS = YES;
				CLANG_ANALYZER_NONNULL = YES;
				CLANG_ANALYZER_NUMBER_OBJECT_CONVERSION = YES_AGGRESSIVE;
				CLANG_CXX_LANGUAGE_STANDARD = "gnu++20";
				CLANG_ENABLE_MODULES = YES;
				CLANG_ENABLE_OBJC_ARC = YES;
				CLANG_ENABLE_OBJC_WEAK = YES;
				CLANG_WARN_BLOCK_CAPTURE_AUTORELEASING = YES;
				CLANG_WARN_BOOL_CONVERSION = YES;
				CLANG_WARN_COMMA = YES;
				CLANG_WARN_CONSTANT_CONVERSION = YES;
				CLANG_WARN_DEPRECATED_OBJC_IMPLEMENTATIONS = YES;
				CLANG_WARN_DIRECT_OBJC_ISA_USAGE = YES_ERROR;
				CLANG_WARN_DOCUMENTATION_COMMENTS = YES;
				CLANG_WARN_EMPTY_BODY = YES;
				CLANG_WARN_ENUM_CONVERSION = YES;
				CLANG_WARN_INFINITE_RECURSION = YES;
				CLANG_WARN_INT_CONVERSION = YES;
				CLANG_WARN_NON_LITERAL_NULL_CONVERSION = YES;
				CLANG_WARN_OBJC_IMPLICIT_RETAIN_SELF = YES;
				CLANG_WARN_OBJC_LITERAL_CONVERSION = YES;
				CLANG_WARN_OBJC_ROOT_CLASS = YES_ERROR;
				CLANG_WARN_QUOTED_INCLUDE_IN_FRAMEWORK_HEADER = YES;
				CLANG_WARN_RANGE_LOOP_ANALYSIS = YES;
				CLANG_WARN_STRICT_PROTOTYPES = YES;
				CLANG_WARN_SUSPICIOUS_MOVE = YES;
				CLANG_WARN_UNGUARDED_AVAILABILITY = YES_AGGRESSIVE;
				CLANG_WARN_UNREACHABLE_CODE = YES;
				CLANG_WARN__DUPLICATE_METHOD_MATCH = YES;
				COPY_PHASE_STRIP = NO;
				DEBUG_INFORMATION_FORMAT = dwarf;
				ENABLE_STRICT_OBJC_MSGSEND = YES;
				ENABLE_TESTABILITY = YES;
				ENABLE_USER_SCRIPT_SANDBOXING = YES;
				GCC_C_LANGUAGE_STANDARD = gnu17;
				GCC_DYNAMIC_NO_PIC = NO;
				GCC_NO_COMMON_BLOCKS = YES;
				GCC_OPTIMIZATION_LEVEL = 0;
				GCC_PREPROCESSOR_DEFINITIONS = (
					"DEBUG=1",
					"$(inherited)",
				);
				GCC_WARN_64_TO_32_BIT_CONVERSION = YES;
				GCC_WARN_ABOUT_RETURN_TYPE = YES_ERROR;
				GCC_WARN_UNDECLARED_SELECTOR = YES;
				GCC_WARN_UNINITIALIZED_AUTOS = YES_AGGRESSIVE;
				GCC_WARN_UNUSED_FUNCTION = YES;
				GCC_WARN_UNUSED_VARIABLE = YES;
				IPHONEOS_DEPLOYMENT_TARGET = 17.0;
				LOCALIZATION_PREFERS_STRING_CATALOGS = YES;
				MTL_ENABLE_DEBUG_INFO = INCLUDE_SOURCE;
				MTL_FAST_MATH = YES;
				ONLY_ACTIVE_ARCH = YES;
				SDKROOT = iphoneos;
				SWIFT_ACTIVE_COMPILATION_CONDITIONS = "DEBUG $(inherited)";
				SWIFT_OPTIMIZATION_LEVEL = "-Onone";
			};
			name = Debug;
		};
		D363ED7E2AFE350E002DDF54 /* Release */ = {
			isa = XCBuildConfiguration;
			buildSettings = {
				ALWAYS_SEARCH_USER_PATHS = NO;
				ASSETCATALOG_COMPILER_GENERATE_SWIFT_ASSET_SYMBOL_EXTENSIONS = YES;
				CLANG_ANALYZER_NONNULL = YES;
				CLANG_ANALYZER_NUMBER_OBJECT_CONVERSION = YES_AGGRESSIVE;
				CLANG_CXX_LANGUAGE_STANDARD = "gnu++20";
				CLANG_ENABLE_MODULES = YES;
				CLANG_ENABLE_OBJC_ARC = YES;
				CLANG_ENABLE_OBJC_WEAK = YES;
				CLANG_WARN_BLOCK_CAPTURE_AUTORELEASING = YES;
				CLANG_WARN_BOOL_CONVERSION = YES;
				CLANG_WARN_COMMA = YES;
				CLANG_WARN_CONSTANT_CONVERSION = YES;
				CLANG_WARN_DEPRECATED_OBJC_IMPLEMENTATIONS = YES;
				CLANG_WARN_DIRECT_OBJC_ISA_USAGE = YES_ERROR;
				CLANG_WARN_DOCUMENTATION_COMMENTS = YES;
				CLANG_WARN_EMPTY_BODY = YES;
				CLANG_WARN_ENUM_CONVERSION = YES;
				CLANG_WARN_INFINITE_RECURSION = YES;
				CLANG_WARN_INT_CONVERSION = YES;
				CLANG_WARN_NON_LITERAL_NULL_CONVERSION = YES;
				CLANG_WARN_OBJC_IMPLICIT_RETAIN_SELF = YES;
				CLANG_WARN_OBJC_LITERAL_CONVERSION = YES;
				CLANG_WARN_OBJC_ROOT_CLASS = YES_ERROR;
				CLANG_WARN_QUOTED_INCLUDE_IN_FRAMEWORK_HEADER = YES;
				CLANG_WARN_RANGE_LOOP_ANALYSIS = YES;
				CLANG_WARN_STRICT_PROTOTYPES = YES;
				CLANG_WARN_SUSPICIOUS_MOVE = YES;
				CLANG_WARN_UNGUARDED_AVAILABILITY = YES_AGGRESSIVE;
				CLANG_WARN_UNREACHABLE_CODE = YES;
				CLANG_WARN__DUPLICATE_METHOD_MATCH = YES;
				COPY_PHASE_STRIP = NO;
				DEBUG_INFORMATION_FORMAT = "dwarf-with-dsym";
				ENABLE_NS_ASSERTIONS = NO;
				ENABLE_STRICT_OBJC_MSGSEND = YES;
				ENABLE_USER_SCRIPT_SANDBOXING = YES;
				GCC_C_LANGUAGE_STANDARD = gnu17;
				GCC_NO_COMMON_BLOCKS = YES;
				GCC_WARN_64_TO_32_BIT_CONVERSION = YES;
				GCC_WARN_ABOUT_RETURN_TYPE = YES_ERROR;
				GCC_WARN_UNDECLARED_SELECTOR = YES;
				GCC_WARN_UNINITIALIZED_AUTOS = YES_AGGRESSIVE;
				GCC_WARN_UNUSED_FUNCTION = YES;
				GCC_WARN_UNUSED_VARIABLE = YES;
				IPHONEOS_DEPLOYMENT_TARGET = 17.0;
				LOCALIZATION_PREFERS_STRING_CATALOGS = YES;
				MTL_ENABLE_DEBUG_INFO = NO;
				MTL_FAST_MATH = YES;
				SDKROOT = iphoneos;
				SWIFT_COMPILATION_MODE = wholemodule;
				VALIDATE_PRODUCT = YES;
			};
			name = Release;
		};
		D363ED802AFE350F002DDF54 /* Debug */ = {
			isa = XCBuildConfiguration;
			buildSettings = {
				ASSETCATALOG_COMPILER_APPICON_NAME = AppIcon;
				ASSETCATALOG_COMPILER_GLOBAL_ACCENT_COLOR_NAME = AccentColor;
				CODE_SIGN_STYLE = Automatic;
				CURRENT_PROJECT_VERSION = 1;
				DEVELOPMENT_TEAM = 9B6YJBC6XZ;
				GENERATE_INFOPLIST_FILE = YES;
				INFOPLIST_FILE = "City Explorer/Info.plist";
				INFOPLIST_KEY_UIApplicationSupportsIndirectInputEvents = YES;
				INFOPLIST_KEY_UILaunchStoryboardName = LaunchScreen;
				INFOPLIST_KEY_UIMainStoryboardFile = Main;
				INFOPLIST_KEY_UISupportedInterfaceOrientations_iPad = "UIInterfaceOrientationPortrait UIInterfaceOrientationPortraitUpsideDown UIInterfaceOrientationLandscapeLeft UIInterfaceOrientationLandscapeRight";
				INFOPLIST_KEY_UISupportedInterfaceOrientations_iPhone = "UIInterfaceOrientationPortrait UIInterfaceOrientationLandscapeLeft UIInterfaceOrientationLandscapeRight";
				LD_RUNPATH_SEARCH_PATHS = (
					"$(inherited)",
					"@executable_path/Frameworks",
				);
				MARKETING_VERSION = 1.0;
				PRODUCT_BUNDLE_IDENTIFIER = "brianCodePath.City-Explorer";
				PRODUCT_NAME = "$(TARGET_NAME)";
				SWIFT_EMIT_LOC_STRINGS = YES;
				SWIFT_VERSION = 5.0;
				TARGETED_DEVICE_FAMILY = "1,2";
			};
			name = Debug;
		};
		D363ED812AFE350F002DDF54 /* Release */ = {
			isa = XCBuildConfiguration;
			buildSettings = {
				ASSETCATALOG_COMPILER_APPICON_NAME = AppIcon;
				ASSETCATALOG_COMPILER_GLOBAL_ACCENT_COLOR_NAME = AccentColor;
				CODE_SIGN_STYLE = Automatic;
				CURRENT_PROJECT_VERSION = 1;
				DEVELOPMENT_TEAM = 9B6YJBC6XZ;
				GENERATE_INFOPLIST_FILE = YES;
				INFOPLIST_FILE = "City Explorer/Info.plist";
				INFOPLIST_KEY_UIApplicationSupportsIndirectInputEvents = YES;
				INFOPLIST_KEY_UILaunchStoryboardName = LaunchScreen;
				INFOPLIST_KEY_UIMainStoryboardFile = Main;
				INFOPLIST_KEY_UISupportedInterfaceOrientations_iPad = "UIInterfaceOrientationPortrait UIInterfaceOrientationPortraitUpsideDown UIInterfaceOrientationLandscapeLeft UIInterfaceOrientationLandscapeRight";
				INFOPLIST_KEY_UISupportedInterfaceOrientations_iPhone = "UIInterfaceOrientationPortrait UIInterfaceOrientationLandscapeLeft UIInterfaceOrientationLandscapeRight";
				LD_RUNPATH_SEARCH_PATHS = (
					"$(inherited)",
					"@executable_path/Frameworks",
				);
				MARKETING_VERSION = 1.0;
				PRODUCT_BUNDLE_IDENTIFIER = "brianCodePath.City-Explorer";
				PRODUCT_NAME = "$(TARGET_NAME)";
				SWIFT_EMIT_LOC_STRINGS = YES;
				SWIFT_VERSION = 5.0;
				TARGETED_DEVICE_FAMILY = "1,2";
			};
			name = Release;
		};
/* End XCBuildConfiguration section */

/* Begin XCConfigurationList section */
		D363ED662AFE350B002DDF54 /* Build configuration list for PBXProject "City Explorer" */ = {
			isa = XCConfigurationList;
			buildConfigurations = (
				D363ED7D2AFE350E002DDF54 /* Debug */,
				D363ED7E2AFE350E002DDF54 /* Release */,
			);
			defaultConfigurationIsVisible = 0;
			defaultConfigurationName = Release;
		};
		D363ED7F2AFE350F002DDF54 /* Build configuration list for PBXNativeTarget "City Explorer" */ = {
			isa = XCConfigurationList;
			buildConfigurations = (
				D363ED802AFE350F002DDF54 /* Debug */,
				D363ED812AFE350F002DDF54 /* Release */,
			);
			defaultConfigurationIsVisible = 0;
			defaultConfigurationName = Release;
		};
/* End XCConfigurationList section */

/* Begin XCRemoteSwiftPackageReference section */
		D3759EFD2B005AFD008C2E35 /* XCRemoteSwiftPackageReference "Nuke" */ = {
			isa = XCRemoteSwiftPackageReference;
			repositoryURL = "https://github.com/kean/Nuke";
			requirement = {
				kind = upToNextMajorVersion;
				minimumVersion = 9.6.1;
			};
		};
		D3759F0C2B0065D5008C2E35 /* XCRemoteSwiftPackageReference "Nuke" */ = {
			isa = XCRemoteSwiftPackageReference;
			repositoryURL = "https://github.com/kean/Nuke";
			requirement = {
				kind = exactVersion;
				version = 9.6.1;
			};
		};
/* End XCRemoteSwiftPackageReference section */

/* Begin XCSwiftPackageProductDependency section */
		D3759EEA2B005965008C2E35 /* Nuke */ = {
			isa = XCSwiftPackageProductDependency;
			productName = Nuke;
		};
		D3759F002B0061A0008C2E35 /* Nuke */ = {
			isa = XCSwiftPackageProductDependency;
			package = D3759EFD2B005AFD008C2E35 /* XCRemoteSwiftPackageReference "Nuke" */;
			productName = Nuke;
		};
		D3759F0D2B0065D5008C2E35 /* Nuke */ = {
			isa = XCSwiftPackageProductDependency;
			package = D3759F0C2B0065D5008C2E35 /* XCRemoteSwiftPackageReference "Nuke" */;
			productName = Nuke;
		};
/* End XCSwiftPackageProductDependency section */
	};
	rootObject = D363ED632AFE350B002DDF54 /* Project object */;
}
